<?xml version="1.0" encoding="utf-8"?>
<Project ToolsVersion="4.0" xmlns="http://schemas.microsoft.com/developer/msbuild/2003">
  <ItemGroup>
    <Filter Include="ソース ファイル">
      <UniqueIdentifier>{4FC737F1-C7A5-4376-A066-2A32D752A2FF}</UniqueIdentifier>
      <Extensions>cpp;c;cc;cxx;def;odl;idl;hpj;bat;asm;asmx</Extensions>
    </Filter>
    <Filter Include="リソース ファイル">
      <UniqueIdentifier>{67DA6AB6-F800-4c08-8B7A-83BB121AAD01}</UniqueIdentifier>
      <Extensions>rc;ico;cur;bmp;dlg;rc2;rct;bin;rgs;gif;jpg;jpeg;jpe;resx;tiff;tif;png;wav;mfcribbon-ms</Extensions>
    </Filter>
    <Filter Include="ソース ファイル\Lib">
      <UniqueIdentifier>{ac7225fd-e637-4943-b7cb-bc99aa0ae246}</UniqueIdentifier>
    </Filter>
    <Filter Include="ソース ファイル\Common">
      <UniqueIdentifier>{a803f62a-0108-4353-95f3-e2980a46c3bd}</UniqueIdentifier>
    </Filter>
  </ItemGroup>
  <ItemGroup>
    <ClCompile Include="Source\Main.cpp">
      <Filter>ソース ファイル</Filter>
    </ClCompile>
    <ClCompile Include="Source\Lib\Texture\Texture.cpp">
      <Filter>ソース ファイル\Lib</Filter>
    </ClCompile>
    <ClCompile Include="Source\Lib\Texture\TexutreManager.cpp">
      <Filter>ソース ファイル\Lib</Filter>
    </ClCompile>
    <ClCompile Include="Source\Lib\DirectX9\DirectX9Device.cpp">
      <Filter>ソース ファイル\Lib</Filter>
    </ClCompile>
    <ClCompile Include="Source\Lib\Lib.cpp">
      <Filter>ソース ファイル\Lib</Filter>
    </ClCompile>
    <ClCompile Include="Source\Lib\Window\Window.cpp">
      <Filter>ソース ファイル\Lib</Filter>
    </ClCompile>
    <ClCompile Include="Source\Common\Common.cpp">
      <Filter>ソース ファイル\Common</Filter>
    </ClCompile>
    <ClCompile Include="Source\Lib\Input\Input.cpp">
      <Filter>ソース ファイル</Filter>
    </ClCompile>
    <ClCompile Include="Source\Object\SpriteObject.cpp">
      <Filter>ソース ファイル</Filter>
    </ClCompile>
    <ClCompile Include="Source\Object\CollisionObject.cpp">
      <Filter>ソース ファイル</Filter>
    </ClCompile>
    <ClCompile Include="Source\Object\MouseObject.cpp">
      <Filter>ソース ファイル</Filter>
    </ClCompile>
    <ClCompile Include="Source\Collision\CollisionManager.cpp">
      <Filter>ソース ファイル</Filter>
    </ClCompile>
    <ClCompile Include="Source\Object\MapObject.cpp">
      <Filter>ソース ファイル</Filter>
    </ClCompile>
    <ClCompile Include="Source\Object\ObjectManager.cpp">
      <Filter>ソース ファイル</Filter>
    </ClCompile>
    <ClCompile Include="Source\Factory\ObjectFactory.cpp">
      <Filter>ソース ファイル</Filter>
    </ClCompile>
    <ClCompile Include="Source\Socket\ClientSocket.cpp">
      <Filter>ソース ファイル</Filter>
    </ClCompile>
    <ClCompile Include="Source\Editor\Editor.cpp">
      <Filter>ソース ファイル</Filter>
    </ClCompile>
    <ClCompile Include="Source\File\File.cpp">
      <Filter>ソース ファイル</Filter>
    </ClCompile>
    <ClCompile Include="Source\Calc\Calc.cpp">
      <Filter>ソース ファイル</Filter>
    </ClCompile>
    <ClCompile Include="Source\Drawer\Drawer.cpp">
      <Filter>ソース ファイル\Lib</Filter>
    </ClCompile>
    <ClCompile Include="Source\Object\ResourceObject.cpp">
      <Filter>ソース ファイル</Filter>
    </ClCompile>
  </ItemGroup>
  <ItemGroup>
    <ClInclude Include="Source\Lib\Texture\Texture.h">
      <Filter>ソース ファイル\Lib</Filter>
    </ClInclude>
    <ClInclude Include="Source\Lib\Texture\TextureManager.h">
      <Filter>ソース ファイル\Lib</Filter>
    </ClInclude>
    <ClInclude Include="Source\Lib\DirectX9\DirectX9Device.h">
      <Filter>ソース ファイル\Lib</Filter>
    </ClInclude>
    <ClInclude Include="Source\Lib\Lib.h">
      <Filter>ソース ファイル\Lib</Filter>
    </ClInclude>
    <ClInclude Include="Source\Lib\Window\Window.h">
      <Filter>ソース ファイル\Lib</Filter>
    </ClInclude>
    <ClInclude Include="Source\Common\Vertex.h">
      <Filter>ソース ファイル\Lib</Filter>
    </ClInclude>
    <ClInclude Include="Source\Common\Vec.h">
      <Filter>ソース ファイル\Common</Filter>
    </ClInclude>
    <ClInclude Include="Source\Common\Common.h">
      <Filter>ソース ファイル\Common</Filter>
    </ClInclude>
    <ClInclude Include="Source\Lib\Texture\ResourceName\LespirceNameLoader.h" />
    <ClInclude Include="Source\Lib\Input\Input.h" />
    <ClInclude Include="Source\Lib\Input\InputDefinition.h" />
    <ClInclude Include="Source\Object\Object.h" />
    <ClInclude Include="Source\Object\Parameter\CollisionObjectParameter.h" />
    <ClInclude Include="Source\Object\Parameter\CreateParameter.h" />
    <ClInclude Include="Source\Object\Parameter\MapObjectParameter.h" />
    <ClInclude Include="Source\Object\Parameter\SpriteObjectParameter.h" />
    <ClInclude Include="Source\Object\SpriteObject.h" />
    <ClInclude Include="Source\Object\MapObject.h" />
    <ClInclude Include="Source\Object\CollisionObject.h" />
    <ClInclude Include="Source\Object\MouseObject.h" />
    <ClInclude Include="Source\Collision\CollisionManager.h" />
    <ClInclude Include="Source\Collision\CollisionData.h" />
    <ClInclude Include="Source\Object\ObjectManager.h" />
    <ClInclude Include="Source\Factory\ObjectFactory.h" />
    <ClInclude Include="Source\Collision\CollisionDefinition.h" />
    <ClInclude Include="Source\Socket\ClientSocket.h" />
    <ClInclude Include="Source\Socket\SokcketDefinition.h" />
    <ClInclude Include="Source\File\DataDefinition.h" />
    <ClInclude Include="Source\File\File.h" />
    <ClInclude Include="Source\Calc\Calc.h" />
    <ClInclude Include="Source\Editor\Editor.h" />
    <ClInclude Include="Source\Drawer\Drawer.h">
      <Filter>ソース ファイル\Lib</Filter>
    </ClInclude>
    <ClInclude Include="Source\Object\ResourceObject.h" />
  </ItemGroup>
</Project>